// !$*UTF8*$!
{
	archiveVersion = 1;
	classes = {
	};
	objectVersion = 46;
	objects = {

/* Begin PBXAggregateTarget section */
		1F466B3B1C83E0600045A073 /* Headers */ = {
			isa = PBXAggregateTarget;
			buildConfigurationList = 1F466B3C1C83E0600045A073 /* Build configuration list for PBXAggregateTarget "Headers" */;
			buildPhases = (
				1F466B421C83E0800045A073 /* Install Headers */,
				1F466B491C83E0C80045A073 /* Install Private Headers */,
				1F466B411C83E06F0045A073 /* Install Headers in /usr/include/sys */,
			);
			dependencies = (
			);
			name = Headers;
			productName = Headers;
		};
/* End PBXAggregateTarget section */

/* Begin PBXBuildFile section */
		1F466B321C83DA380045A073 /* libkmod.a in Frameworks */ = {isa = PBXBuildFile; fileRef = 1F466A821C83D92A0045A073 /* libkmod.a */; };
		1F466B331C83DAEC0045A073 /* kern_init.c in Sources */ = {isa = PBXBuildFile; fileRef = 1F466A8B1C83D99E0045A073 /* kern_init.c */; };
		1F466B341C83DAEC0045A073 /* kern_policy.c in Sources */ = {isa = PBXBuildFile; fileRef = 1F466A8D1C83D99E0045A073 /* kern_policy.c */; };
		1F466B351C83DAEC0045A073 /* kern_support.c in Sources */ = {isa = PBXBuildFile; fileRef = 1F466A8E1C83D99E0045A073 /* kern_support.c */; };
		1F466B361C83DAEC0045A073 /* kern_synch.c in Sources */ = {isa = PBXBuildFile; fileRef = 1F466A8F1C83D99E0045A073 /* kern_synch.c */; };
		1F466B431C83E0B00045A073 /* pthread.h in Install Headers */ = {isa = PBXBuildFile; fileRef = 1F466AD81C83D99E0045A073 /* pthread.h */; };
		1F466B441C83E0B00045A073 /* pthread_impl.h in Install Headers */ = {isa = PBXBuildFile; fileRef = 1F466AD91C83D99E0045A073 /* pthread_impl.h */; };
		1F466B451C83E0B00045A073 /* pthread_spis.h in Install Headers */ = {isa = PBXBuildFile; fileRef = 1F466ADA1C83D99E0045A073 /* pthread_spis.h */; };
		1F466B461C83E0B00045A073 /* qos.h in Install Headers */ = {isa = PBXBuildFile; fileRef = 1F466ADB1C83D99E0045A073 /* qos.h */; };
		1F466B471C83E0B00045A073 /* sched.h in Install Headers */ = {isa = PBXBuildFile; fileRef = 1F466ADC1C83D99E0045A073 /* sched.h */; };
		1F466B481C83E0B00045A073 /* spawn.h in Install Headers */ = {isa = PBXBuildFile; fileRef = 1F466ADD1C83D99E0045A073 /* spawn.h */; };
		1F466B4A1C83E0EA0045A073 /* introspection_private.h in Install Private Headers */ = {isa = PBXBuildFile; fileRef = 1F466ACF1C83D99E0045A073 /* introspection_private.h */; };
		1F466B4B1C83E0EA0045A073 /* posix_sched.h in Install Private Headers */ = {isa = PBXBuildFile; fileRef = 1F466AD01C83D99E0045A073 /* posix_sched.h */; };
		1F466B4C1C83E0EA0045A073 /* private.h in Install Private Headers */ = {isa = PBXBuildFile; fileRef = 1F466AD11C83D99E0045A073 /* private.h */; };
		1F466B4D1C83E0EA0045A073 /* qos.h in Install Private Headers */ = {isa = PBXBuildFile; fileRef = 1F466AD21C83D99E0045A073 /* qos.h */; };
		1F466B4E1C83E0EA0045A073 /* qos_private.h in Install Private Headers */ = {isa = PBXBuildFile; fileRef = 1F466AD31C83D99E0045A073 /* qos_private.h */; };
		1F466B4F1C83E0EA0045A073 /* spinlock_private.h in Install Private Headers */ = {isa = PBXBuildFile; fileRef = 1F466AD41C83D99E0045A073 /* spinlock_private.h */; };
		1F466B501C83E0EA0045A073 /* tsd_private.h in Install Private Headers */ = {isa = PBXBuildFile; fileRef = 1F466AD51C83D99E0045A073 /* tsd_private.h */; };
		1F466B511C83E0EA0045A073 /* workqueue_private.h in Install Private Headers */ = {isa = PBXBuildFile; fileRef = 1F466AD61C83D99E0045A073 /* workqueue_private.h */; };
/* End PBXBuildFile section */

/* Begin PBXContainerItemProxy section */
		1F466A6A1C83D9240045A073 /* PBXContainerItemProxy */ = {
			isa = PBXContainerItemProxy;
			containerPortal = 1F466A621C83D9240045A073 /* Kernel.xcodeproj */;
			proxyType = 2;
			remoteGlobalIDString = 1F051CD01859223C008F6CAE;
			remoteInfo = dwarf;
		};
		1F466A6C1C83D9240045A073 /* PBXContainerItemProxy */ = {
			isa = PBXContainerItemProxy;
			containerPortal = 1F466A621C83D9240045A073 /* Kernel.xcodeproj */;
			proxyType = 2;
			remoteGlobalIDString = 1FAD56711859255500EDAF39;
			remoteInfo = elf;
		};
		1F466A6E1C83D9240045A073 /* PBXContainerItemProxy */ = {
			isa = PBXContainerItemProxy;
			containerPortal = 1F466A621C83D9240045A073 /* Kernel.xcodeproj */;
			proxyType = 2;
			remoteGlobalIDString = 1F3A87491859298E007D12D6;
			remoteInfo = ctfconvert;
		};
		1F466A701C83D9240045A073 /* PBXContainerItemProxy */ = {
			isa = PBXContainerItemProxy;
			containerPortal = 1F466A621C83D9240045A073 /* Kernel.xcodeproj */;
			proxyType = 2;
			remoteGlobalIDString = 1F37E27E18592E42001B9501;
			remoteInfo = ctfmerge;
		};
		1F466A7B1C83D92A0045A073 /* PBXContainerItemProxy */ = {
			isa = PBXContainerItemProxy;
			containerPortal = 1F466A721C83D92A0045A073 /* PlatformKEXTs.xcodeproj */;
			proxyType = 2;
			remoteGlobalIDString = 1FA9346C1B89798000BD68E3;
			remoteInfo = IOACPIFamily;
		};
		1F466A7D1C83D92A0045A073 /* PBXContainerItemProxy */ = {
			isa = PBXContainerItemProxy;
			containerPortal = 1F466A721C83D92A0045A073 /* PlatformKEXTs.xcodeproj */;
			proxyType = 2;
			remoteGlobalIDString = 1F56E8C21B8ABC4B0095848C;
			remoteInfo = AppleAPIC;
		};
		1F466A7F1C83D92A0045A073 /* PBXContainerItemProxy */ = {
			isa = PBXContainerItemProxy;
			containerPortal = 1F466A721C83D92A0045A073 /* PlatformKEXTs.xcodeproj */;
			proxyType = 2;
			remoteGlobalIDString = 1F56E8A31B8A9ECB0095848C;
			remoteInfo = AppleI386PlatformExpert;
		};
		1F466A811C83D92A0045A073 /* PBXContainerItemProxy */ = {
			isa = PBXContainerItemProxy;
			containerPortal = 1F466A721C83D92A0045A073 /* PlatformKEXTs.xcodeproj */;
			proxyType = 2;
			remoteGlobalIDString = 1FA9348E1B897E1600BD68E3;
			remoteInfo = libkmod;
		};
		1F466A831C83D92A0045A073 /* PBXContainerItemProxy */ = {
			isa = PBXContainerItemProxy;
			containerPortal = 1F466A721C83D92A0045A073 /* PlatformKEXTs.xcodeproj */;
			proxyType = 2;
			remoteGlobalIDString = 1FA934A71B897EAD00BD68E3;
			remoteInfo = "libkmodc++";
		};
		1F466B301C83DA320045A073 /* PBXContainerItemProxy */ = {
			isa = PBXContainerItemProxy;
			containerPortal = 1F466A621C83D9240045A073 /* Kernel.xcodeproj */;
			proxyType = 1;
			remoteGlobalIDString = 1F42B3DD18592FE90023356E;
			remoteInfo = mach_kernel;
		};
		1F466B3F1C83E0660045A073 /* PBXContainerItemProxy */ = {
			isa = PBXContainerItemProxy;
			containerPortal = 1F466A5B1C83D8270045A073 /* Project object */;
			proxyType = 1;
			remoteGlobalIDString = 1F466B3B1C83E0600045A073;
			remoteInfo = Headers;
		};
/* End PBXContainerItemProxy section */

/* Begin PBXCopyFilesBuildPhase section */
		1F466B421C83E0800045A073 /* Install Headers */ = {
			isa = PBXCopyFilesBuildPhase;
			buildActionMask = 2147483647;
			dstPath = "$(ANDROMEDA_SDK_ROOT)/usr/include/pthread";
			dstSubfolderSpec = 0;
			files = (
				1F466B431C83E0B00045A073 /* pthread.h in Install Headers */,
				1F466B441C83E0B00045A073 /* pthread_impl.h in Install Headers */,
				1F466B451C83E0B00045A073 /* pthread_spis.h in Install Headers */,
				1F466B461C83E0B00045A073 /* qos.h in Install Headers */,
				1F466B471C83E0B00045A073 /* sched.h in Install Headers */,
				1F466B481C83E0B00045A073 /* spawn.h in Install Headers */,
			);
			name = "Install Headers";
			runOnlyForDeploymentPostprocessing = 0;
		};
		1F466B491C83E0C80045A073 /* Install Private Headers */ = {
			isa = PBXCopyFilesBuildPhase;
			buildActionMask = 2147483647;
			dstPath = "$(ANDROMEDA_SDK_ROOT)/System/Library/Frameworks/System.framework/PrivateHeaders/pthread";
			dstSubfolderSpec = 0;
			files = (
				1F466B4A1C83E0EA0045A073 /* introspection_private.h in Install Private Headers */,
				1F466B4B1C83E0EA0045A073 /* posix_sched.h in Install Private Headers */,
				1F466B4C1C83E0EA0045A073 /* private.h in Install Private Headers */,
				1F466B4D1C83E0EA0045A073 /* qos.h in Install Private Headers */,
				1F466B4E1C83E0EA0045A073 /* qos_private.h in Install Private Headers */,
				1F466B4F1C83E0EA0045A073 /* spinlock_private.h in Install Private Headers */,
				1F466B501C83E0EA0045A073 /* tsd_private.h in Install Private Headers */,
				1F466B511C83E0EA0045A073 /* workqueue_private.h in Install Private Headers */,
			);
			name = "Install Private Headers";
			runOnlyForDeploymentPostprocessing = 0;
		};
/* End PBXCopyFilesBuildPhase section */

/* Begin PBXFileReference section */
		1F466A621C83D9240045A073 /* Kernel.xcodeproj */ = {isa = PBXFileReference; lastKnownFileType = "wrapper.pb-project"; name = Kernel.xcodeproj; path = ../Kernel/Kernel.xcodeproj; sourceTree = "<group>"; };
		1F466A721C83D92A0045A073 /* PlatformKEXTs.xcodeproj */ = {isa = PBXFileReference; lastKnownFileType = "wrapper.pb-project"; name = PlatformKEXTs.xcodeproj; path = ../PlatformKEXTs/PlatformKEXTs.xcodeproj; sourceTree = "<group>"; };
		1F466A891C83D99E0045A073 /* APPLE_LICENSE */ = {isa = PBXFileReference; lastKnownFileType = text; path = APPLE_LICENSE; sourceTree = "<group>"; };
		1F466A8B1C83D99E0045A073 /* kern_init.c */ = {isa = PBXFileReference; lastKnownFileType = sourcecode.c.c; path = kern_init.c; sourceTree = "<group>"; };
		1F466A8C1C83D99E0045A073 /* kern_internal.h */ = {isa = PBXFileReference; lastKnownFileType = sourcecode.c.h; path = kern_internal.h; sourceTree = "<group>"; };
		1F466A8D1C83D99E0045A073 /* kern_policy.c */ = {isa = PBXFileReference; lastKnownFileType = sourcecode.c.c; path = kern_policy.c; sourceTree = "<group>"; };
		1F466A8E1C83D99E0045A073 /* kern_support.c */ = {isa = PBXFileReference; lastKnownFileType = sourcecode.c.c; path = kern_support.c; sourceTree = "<group>"; };
		1F466A8F1C83D99E0045A073 /* kern_synch.c */ = {isa = PBXFileReference; lastKnownFileType = sourcecode.c.c; path = kern_synch.c; sourceTree = "<group>"; };
		1F466A901C83D99E0045A073 /* kern_trace.h */ = {isa = PBXFileReference; lastKnownFileType = sourcecode.c.h; path = kern_trace.h; sourceTree = "<group>"; };
		1F466A911C83D99E0045A073 /* pthread-Info.plist */ = {isa = PBXFileReference; lastKnownFileType = text.plist.xml; path = "pthread-Info.plist"; sourceTree = "<group>"; };
		1F466A921C83D99E0045A073 /* synch_internal.h */ = {isa = PBXFileReference; lastKnownFileType = sourcecode.c.h; path = synch_internal.h; sourceTree = "<group>"; };
		1F466A931C83D99E0045A073 /* workqueue_internal.h */ = {isa = PBXFileReference; lastKnownFileType = sourcecode.c.h; path = workqueue_internal.h; sourceTree = "<group>"; };
		1F466A951C83D99E0045A073 /* pthread.py */ = {isa = PBXFileReference; lastKnownFileType = text.script.python; path = pthread.py; sourceTree = "<group>"; };
		1F466A971C83D99E0045A073 /* pthread.3 */ = {isa = PBXFileReference; lastKnownFileType = text; path = pthread.3; sourceTree = "<group>"; };
		1F466A981C83D99E0045A073 /* pthread_atfork.3 */ = {isa = PBXFileReference; lastKnownFileType = text; path = pthread_atfork.3; sourceTree = "<group>"; };
		1F466A991C83D99E0045A073 /* pthread_attr.3 */ = {isa = PBXFileReference; lastKnownFileType = text; path = pthread_attr.3; sourceTree = "<group>"; };
		1F466A9A1C83D99E0045A073 /* pthread_attr_init_destroy.3 */ = {isa = PBXFileReference; lastKnownFileType = text; path = pthread_attr_init_destroy.3; sourceTree = "<group>"; };
		1F466A9B1C83D99E0045A073 /* pthread_attr_set_getdetachstate.3 */ = {isa = PBXFileReference; lastKnownFileType = text; path = pthread_attr_set_getdetachstate.3; sourceTree = "<group>"; };
		1F466A9C1C83D99E0045A073 /* pthread_attr_set_getinheritsched.3 */ = {isa = PBXFileReference; lastKnownFileType = text; path = pthread_attr_set_getinheritsched.3; sourceTree = "<group>"; };
		1F466A9D1C83D99E0045A073 /* pthread_attr_set_getschedparam.3 */ = {isa = PBXFileReference; lastKnownFileType = text; path = pthread_attr_set_getschedparam.3; sourceTree = "<group>"; };
		1F466A9E1C83D99E0045A073 /* pthread_attr_set_getschedpolicy.3 */ = {isa = PBXFileReference; lastKnownFileType = text; path = pthread_attr_set_getschedpolicy.3; sourceTree = "<group>"; };
		1F466A9F1C83D99E0045A073 /* pthread_attr_set_getscope.3 */ = {isa = PBXFileReference; lastKnownFileType = text; path = pthread_attr_set_getscope.3; sourceTree = "<group>"; };
		1F466AA01C83D99E0045A073 /* pthread_attr_set_getstackaddr.3 */ = {isa = PBXFileReference; lastKnownFileType = text; path = pthread_attr_set_getstackaddr.3; sourceTree = "<group>"; };
		1F466AA11C83D99E0045A073 /* pthread_attr_set_getstacksize.3 */ = {isa = PBXFileReference; lastKnownFileType = text; path = pthread_attr_set_getstacksize.3; sourceTree = "<group>"; };
		1F466AA21C83D99E0045A073 /* pthread_cancel.3 */ = {isa = PBXFileReference; lastKnownFileType = text; path = pthread_cancel.3; sourceTree = "<group>"; };
		1F466AA31C83D99E0045A073 /* pthread_cleanup_pop.3 */ = {isa = PBXFileReference; lastKnownFileType = text; path = pthread_cleanup_pop.3; sourceTree = "<group>"; };
		1F466AA41C83D99E0045A073 /* pthread_cleanup_push.3 */ = {isa = PBXFileReference; lastKnownFileType = text; path = pthread_cleanup_push.3; sourceTree = "<group>"; };
		1F466AA51C83D99E0045A073 /* pthread_cond_broadcast.3 */ = {isa = PBXFileReference; lastKnownFileType = text; path = pthread_cond_broadcast.3; sourceTree = "<group>"; };
		1F466AA61C83D99E0045A073 /* pthread_cond_destroy.3 */ = {isa = PBXFileReference; lastKnownFileType = text; path = pthread_cond_destroy.3; sourceTree = "<group>"; };
		1F466AA71C83D99E0045A073 /* pthread_cond_init.3 */ = {isa = PBXFileReference; lastKnownFileType = text; path = pthread_cond_init.3; sourceTree = "<group>"; };
		1F466AA81C83D99E0045A073 /* pthread_cond_signal.3 */ = {isa = PBXFileReference; lastKnownFileType = text; path = pthread_cond_signal.3; sourceTree = "<group>"; };
		1F466AA91C83D99E0045A073 /* pthread_cond_timedwait.3 */ = {isa = PBXFileReference; lastKnownFileType = text; path = pthread_cond_timedwait.3; sourceTree = "<group>"; };
		1F466AAA1C83D99E0045A073 /* pthread_cond_wait.3 */ = {isa = PBXFileReference; lastKnownFileType = text; path = pthread_cond_wait.3; sourceTree = "<group>"; };
		1F466AAB1C83D99E0045A073 /* pthread_condattr.3 */ = {isa = PBXFileReference; lastKnownFileType = text; path = pthread_condattr.3; sourceTree = "<group>"; };
		1F466AAC1C83D99E0045A073 /* pthread_create.3 */ = {isa = PBXFileReference; lastKnownFileType = text; path = pthread_create.3; sourceTree = "<group>"; };
		1F466AAD1C83D99E0045A073 /* pthread_detach.3 */ = {isa = PBXFileReference; lastKnownFileType = text; path = pthread_detach.3; sourceTree = "<group>"; };
		1F466AAE1C83D99E0045A073 /* pthread_equal.3 */ = {isa = PBXFileReference; lastKnownFileType = text; path = pthread_equal.3; sourceTree = "<group>"; };
		1F466AAF1C83D99E0045A073 /* pthread_exit.3 */ = {isa = PBXFileReference; lastKnownFileType = text; path = pthread_exit.3; sourceTree = "<group>"; };
		1F466AB01C83D99E0045A073 /* pthread_getschedparam.3 */ = {isa = PBXFileReference; lastKnownFileType = text; path = pthread_getschedparam.3; sourceTree = "<group>"; };
		1F466AB11C83D99E0045A073 /* pthread_getspecific.3 */ = {isa = PBXFileReference; lastKnownFileType = text; path = pthread_getspecific.3; sourceTree = "<group>"; };
		1F466AB21C83D99E0045A073 /* pthread_join.3 */ = {isa = PBXFileReference; lastKnownFileType = text; path = pthread_join.3; sourceTree = "<group>"; };
		1F466AB31C83D99E0045A073 /* pthread_key_create.3 */ = {isa = PBXFileReference; lastKnownFileType = text; path = pthread_key_create.3; sourceTree = "<group>"; };
		1F466AB41C83D99E0045A073 /* pthread_key_delete.3 */ = {isa = PBXFileReference; lastKnownFileType = text; path = pthread_key_delete.3; sourceTree = "<group>"; };
		1F466AB51C83D99E0045A073 /* pthread_kill.2 */ = {isa = PBXFileReference; lastKnownFileType = text; path = pthread_kill.2; sourceTree = "<group>"; };
		1F466AB61C83D99E0045A073 /* pthread_main_np.3 */ = {isa = PBXFileReference; lastKnownFileType = text; path = pthread_main_np.3; sourceTree = "<group>"; };
		1F466AB71C83D99E0045A073 /* pthread_mutex_destroy.3 */ = {isa = PBXFileReference; lastKnownFileType = text; path = pthread_mutex_destroy.3; sourceTree = "<group>"; };
		1F466AB81C83D99E0045A073 /* pthread_mutex_init.3 */ = {isa = PBXFileReference; lastKnownFileType = text; path = pthread_mutex_init.3; sourceTree = "<group>"; };
		1F466AB91C83D99E0045A073 /* pthread_mutex_lock.3 */ = {isa = PBXFileReference; lastKnownFileType = text; path = pthread_mutex_lock.3; sourceTree = "<group>"; };
		1F466ABA1C83D99E0045A073 /* pthread_mutex_trylock.3 */ = {isa = PBXFileReference; lastKnownFileType = text; path = pthread_mutex_trylock.3; sourceTree = "<group>"; };
		1F466ABB1C83D99E0045A073 /* pthread_mutex_unlock.3 */ = {isa = PBXFileReference; lastKnownFileType = text; path = pthread_mutex_unlock.3; sourceTree = "<group>"; };
		1F466ABC1C83D99E0045A073 /* pthread_mutexattr.3 */ = {isa = PBXFileReference; lastKnownFileType = text; path = pthread_mutexattr.3; sourceTree = "<group>"; };
		1F466ABD1C83D99E0045A073 /* pthread_once.3 */ = {isa = PBXFileReference; lastKnownFileType = text; path = pthread_once.3; sourceTree = "<group>"; };
		1F466ABE1C83D99E0045A073 /* pthread_rwlock_destroy.3 */ = {isa = PBXFileReference; lastKnownFileType = text; path = pthread_rwlock_destroy.3; sourceTree = "<group>"; };
		1F466ABF1C83D99E0045A073 /* pthread_rwlock_init.3 */ = {isa = PBXFileReference; lastKnownFileType = text; path = pthread_rwlock_init.3; sourceTree = "<group>"; };
		1F466AC01C83D99E0045A073 /* pthread_rwlock_rdlock.3 */ = {isa = PBXFileReference; lastKnownFileType = text; path = pthread_rwlock_rdlock.3; sourceTree = "<group>"; };
		1F466AC11C83D99E0045A073 /* pthread_rwlock_unlock.3 */ = {isa = PBXFileReference; lastKnownFileType = text; path = pthread_rwlock_unlock.3; sourceTree = "<group>"; };
		1F466AC21C83D99E0045A073 /* pthread_rwlock_wrlock.3 */ = {isa = PBXFileReference; lastKnownFileType = text; path = pthread_rwlock_wrlock.3; sourceTree = "<group>"; };
		1F466AC31C83D99E0045A073 /* pthread_rwlockattr_destroy.3 */ = {isa = PBXFileReference; lastKnownFileType = text; path = pthread_rwlockattr_destroy.3; sourceTree = "<group>"; };
		1F466AC41C83D99E0045A073 /* pthread_rwlockattr_getpshared.3 */ = {isa = PBXFileReference; lastKnownFileType = text; path = pthread_rwlockattr_getpshared.3; sourceTree = "<group>"; };
		1F466AC51C83D99E0045A073 /* pthread_rwlockattr_init.3 */ = {isa = PBXFileReference; lastKnownFileType = text; path = pthread_rwlockattr_init.3; sourceTree = "<group>"; };
		1F466AC61C83D99E0045A073 /* pthread_rwlockattr_setpshared.3 */ = {isa = PBXFileReference; lastKnownFileType = text; path = pthread_rwlockattr_setpshared.3; sourceTree = "<group>"; };
		1F466AC71C83D99E0045A073 /* pthread_self.3 */ = {isa = PBXFileReference; lastKnownFileType = text; path = pthread_self.3; sourceTree = "<group>"; };
		1F466AC81C83D99E0045A073 /* pthread_setcancelstate.3 */ = {isa = PBXFileReference; lastKnownFileType = text; path = pthread_setcancelstate.3; sourceTree = "<group>"; };
		1F466AC91C83D99E0045A073 /* pthread_setspecific.3 */ = {isa = PBXFileReference; lastKnownFileType = text; path = pthread_setspecific.3; sourceTree = "<group>"; };
		1F466ACA1C83D99E0045A073 /* pthread_sigmask.2 */ = {isa = PBXFileReference; lastKnownFileType = text; path = pthread_sigmask.2; sourceTree = "<group>"; };
		1F466ACC1C83D99E0045A073 /* atomic.h */ = {isa = PBXFileReference; lastKnownFileType = sourcecode.c.h; path = atomic.h; sourceTree = "<group>"; };
		1F466ACD1C83D99E0045A073 /* atomic_llsc.h */ = {isa = PBXFileReference; lastKnownFileType = sourcecode.c.h; path = atomic_llsc.h; sourceTree = "<group>"; };
		1F466ACF1C83D99E0045A073 /* introspection_private.h */ = {isa = PBXFileReference; lastKnownFileType = sourcecode.c.h; path = introspection_private.h; sourceTree = "<group>"; };
		1F466AD01C83D99E0045A073 /* posix_sched.h */ = {isa = PBXFileReference; lastKnownFileType = sourcecode.c.h; path = posix_sched.h; sourceTree = "<group>"; };
		1F466AD11C83D99E0045A073 /* private.h */ = {isa = PBXFileReference; lastKnownFileType = sourcecode.c.h; path = private.h; sourceTree = "<group>"; };
		1F466AD21C83D99E0045A073 /* qos.h */ = {isa = PBXFileReference; lastKnownFileType = sourcecode.c.h; path = qos.h; sourceTree = "<group>"; };
		1F466AD31C83D99E0045A073 /* qos_private.h */ = {isa = PBXFileReference; lastKnownFileType = sourcecode.c.h; path = qos_private.h; sourceTree = "<group>"; };
		1F466AD41C83D99E0045A073 /* spinlock_private.h */ = {isa = PBXFileReference; lastKnownFileType = sourcecode.c.h; path = spinlock_private.h; sourceTree = "<group>"; };
		1F466AD51C83D99E0045A073 /* tsd_private.h */ = {isa = PBXFileReference; lastKnownFileType = sourcecode.c.h; path = tsd_private.h; sourceTree = "<group>"; };
		1F466AD61C83D99E0045A073 /* workqueue_private.h */ = {isa = PBXFileReference; lastKnownFileType = sourcecode.c.h; path = workqueue_private.h; sourceTree = "<group>"; };
		1F466AD81C83D99E0045A073 /* pthread.h */ = {isa = PBXFileReference; lastKnownFileType = sourcecode.c.h; path = pthread.h; sourceTree = "<group>"; };
		1F466AD91C83D99E0045A073 /* pthread_impl.h */ = {isa = PBXFileReference; lastKnownFileType = sourcecode.c.h; path = pthread_impl.h; sourceTree = "<group>"; };
		1F466ADA1C83D99E0045A073 /* pthread_spis.h */ = {isa = PBXFileReference; lastKnownFileType = sourcecode.c.h; path = pthread_spis.h; sourceTree = "<group>"; };
		1F466ADB1C83D99E0045A073 /* qos.h */ = {isa = PBXFileReference; lastKnownFileType = sourcecode.c.h; path = qos.h; sourceTree = "<group>"; };
		1F466ADC1C83D99E0045A073 /* sched.h */ = {isa = PBXFileReference; lastKnownFileType = sourcecode.c.h; path = sched.h; sourceTree = "<group>"; };
		1F466ADD1C83D99E0045A073 /* spawn.h */ = {isa = PBXFileReference; lastKnownFileType = sourcecode.c.h; path = spawn.h; sourceTree = "<group>"; };
		1F466ADF1C83D99E0045A073 /* internal.h */ = {isa = PBXFileReference; lastKnownFileType = sourcecode.c.h; path = internal.h; sourceTree = "<group>"; };
		1F466AE01C83D99E0045A073 /* mk_pthread_impl.c */ = {isa = PBXFileReference; lastKnownFileType = sourcecode.c.c; path = mk_pthread_impl.c; sourceTree = "<group>"; };
		1F466AE11C83D99E0045A073 /* plockstat.d */ = {isa = PBXFileReference; lastKnownFileType = sourcecode.dtrace; path = plockstat.d; sourceTree = "<group>"; };
		1F466AE21C83D99E0045A073 /* pthread.c */ = {isa = PBXFileReference; lastKnownFileType = sourcecode.c.c; path = pthread.c; sourceTree = "<group>"; };
		1F466AE31C83D99E0045A073 /* pthread_asm.s */ = {isa = PBXFileReference; lastKnownFileType = sourcecode.asm; path = pthread_asm.s; sourceTree = "<group>"; };
		1F466AE41C83D99E0045A073 /* pthread_atfork.c */ = {isa = PBXFileReference; lastKnownFileType = sourcecode.c.c; path = pthread_atfork.c; sourceTree = "<group>"; };
		1F466AE51C83D99E0045A073 /* pthread_cancelable.c */ = {isa = PBXFileReference; lastKnownFileType = sourcecode.c.c; path = pthread_cancelable.c; sourceTree = "<group>"; };
		1F466AE61C83D99E0045A073 /* pthread_cond.c */ = {isa = PBXFileReference; lastKnownFileType = sourcecode.c.c; path = pthread_cond.c; sourceTree = "<group>"; };
		1F466AE71C83D99E0045A073 /* pthread_mutex.c */ = {isa = PBXFileReference; lastKnownFileType = sourcecode.c.c; path = pthread_mutex.c; sourceTree = "<group>"; };
		1F466AE81C83D99E0045A073 /* pthread_mutex_up.c */ = {isa = PBXFileReference; lastKnownFileType = sourcecode.c.c; path = pthread_mutex_up.c; sourceTree = "<group>"; };
		1F466AE91C83D99E0045A073 /* pthread_rwlock.c */ = {isa = PBXFileReference; lastKnownFileType = sourcecode.c.c; path = pthread_rwlock.c; sourceTree = "<group>"; };
		1F466AEA1C83D99E0045A073 /* pthread_support.c */ = {isa = PBXFileReference; lastKnownFileType = sourcecode.c.c; path = pthread_support.c; sourceTree = "<group>"; };
		1F466AEB1C83D99E0045A073 /* pthread_tsd.c */ = {isa = PBXFileReference; lastKnownFileType = sourcecode.c.c; path = pthread_tsd.c; sourceTree = "<group>"; };
		1F466AEC1C83D99E0045A073 /* qos.c */ = {isa = PBXFileReference; lastKnownFileType = sourcecode.c.c; path = qos.c; sourceTree = "<group>"; };
		1F466AED1C83D99E0045A073 /* resolver.c */ = {isa = PBXFileReference; lastKnownFileType = sourcecode.c.c; path = resolver.c; sourceTree = "<group>"; };
		1F466AEE1C83D99E0045A073 /* resolver.h */ = {isa = PBXFileReference; lastKnownFileType = sourcecode.c.h; path = resolver.h; sourceTree = "<group>"; };
		1F466AEF1C83D99E0045A073 /* resolver_internal.h */ = {isa = PBXFileReference; lastKnownFileType = sourcecode.c.h; path = resolver_internal.h; sourceTree = "<group>"; };
		1F466AF01C83D99E0045A073 /* thread_setup.c */ = {isa = PBXFileReference; lastKnownFileType = sourcecode.c.c; path = thread_setup.c; sourceTree = "<group>"; };
		1F466AF21C83D99E0045A073 /* pthread_cancelable_cancel.c */ = {isa = PBXFileReference; lastKnownFileType = sourcecode.c.c; path = pthread_cancelable_cancel.c; sourceTree = "<group>"; };
		1F466AF31C83D99E0045A073 /* pthread_cancelable_legacy.c */ = {isa = PBXFileReference; lastKnownFileType = sourcecode.c.c; path = pthread_cancelable_legacy.c; sourceTree = "<group>"; };
		1F466AF41C83D99E0045A073 /* pthread_cond_legacy.c */ = {isa = PBXFileReference; lastKnownFileType = sourcecode.c.c; path = pthread_cond_legacy.c; sourceTree = "<group>"; };
		1F466AF51C83D99E0045A073 /* pthread_mutex_legacy.c */ = {isa = PBXFileReference; lastKnownFileType = sourcecode.c.c; path = pthread_mutex_legacy.c; sourceTree = "<group>"; };
		1F466AF61C83D99E0045A073 /* pthread_rwlock_legacy.c */ = {isa = PBXFileReference; lastKnownFileType = sourcecode.c.c; path = pthread_rwlock_legacy.c; sourceTree = "<group>"; };
		1F466AF91C83D99E0045A073 /* _pthread_attr_t.h */ = {isa = PBXFileReference; lastKnownFileType = sourcecode.c.h; path = _pthread_attr_t.h; sourceTree = "<group>"; };
		1F466AFA1C83D99E0045A073 /* _pthread_cond_t.h */ = {isa = PBXFileReference; lastKnownFileType = sourcecode.c.h; path = _pthread_cond_t.h; sourceTree = "<group>"; };
		1F466AFB1C83D99E0045A073 /* _pthread_condattr_t.h */ = {isa = PBXFileReference; lastKnownFileType = sourcecode.c.h; path = _pthread_condattr_t.h; sourceTree = "<group>"; };
		1F466AFC1C83D99E0045A073 /* _pthread_key_t.h */ = {isa = PBXFileReference; lastKnownFileType = sourcecode.c.h; path = _pthread_key_t.h; sourceTree = "<group>"; };
		1F466AFD1C83D99E0045A073 /* _pthread_mutex_t.h */ = {isa = PBXFileReference; lastKnownFileType = sourcecode.c.h; path = _pthread_mutex_t.h; sourceTree = "<group>"; };
		1F466AFE1C83D99E0045A073 /* _pthread_mutexattr_t.h */ = {isa = PBXFileReference; lastKnownFileType = sourcecode.c.h; path = _pthread_mutexattr_t.h; sourceTree = "<group>"; };
		1F466AFF1C83D99E0045A073 /* _pthread_once_t.h */ = {isa = PBXFileReference; lastKnownFileType = sourcecode.c.h; path = _pthread_once_t.h; sourceTree = "<group>"; };
		1F466B001C83D99E0045A073 /* _pthread_rwlock_t.h */ = {isa = PBXFileReference; lastKnownFileType = sourcecode.c.h; path = _pthread_rwlock_t.h; sourceTree = "<group>"; };
		1F466B011C83D99E0045A073 /* _pthread_rwlockattr_t.h */ = {isa = PBXFileReference; lastKnownFileType = sourcecode.c.h; path = _pthread_rwlockattr_t.h; sourceTree = "<group>"; };
		1F466B021C83D99E0045A073 /* _pthread_t.h */ = {isa = PBXFileReference; lastKnownFileType = sourcecode.c.h; path = _pthread_t.h; sourceTree = "<group>"; };
		1F466B031C83D99E0045A073 /* _pthread_types.h */ = {isa = PBXFileReference; lastKnownFileType = sourcecode.c.h; path = _pthread_types.h; sourceTree = "<group>"; };
		1F466B041C83D99E0045A073 /* qos.h */ = {isa = PBXFileReference; lastKnownFileType = sourcecode.c.h; path = qos.h; sourceTree = "<group>"; };
		1F466B051C83D99E0045A073 /* qos_private.h */ = {isa = PBXFileReference; lastKnownFileType = sourcecode.c.h; path = qos_private.h; sourceTree = "<group>"; };
		1F466B071C83D99E0045A073 /* wqtrace.lua */ = {isa = PBXFileReference; lastKnownFileType = text; path = wqtrace.lua; sourceTree = "<group>"; };
		1F466B0A1C83D99E0045A073 /* install-codes.sh */ = {isa = PBXFileReference; lastKnownFileType = text.script.sh; path = "install-codes.sh"; sourceTree = "<group>"; };
		1F466B0B1C83D99E0045A073 /* install-lldbmacros.sh */ = {isa = PBXFileReference; lastKnownFileType = text.script.sh; path = "install-lldbmacros.sh"; sourceTree = "<group>"; };
		1F466B0C1C83D99E0045A073 /* install-manpages.sh */ = {isa = PBXFileReference; lastKnownFileType = text.script.sh; path = "install-manpages.sh"; sourceTree = "<group>"; };
		1F466B0D1C83D99E0045A073 /* install-symlinks.sh */ = {isa = PBXFileReference; lastKnownFileType = text.script.sh; path = "install-symlinks.sh"; sourceTree = "<group>"; };
		1F466B0E1C83D99E0045A073 /* install-sys-headers.sh */ = {isa = PBXFileReference; lastKnownFileType = text.script.sh; path = "install-sys-headers.sh"; sourceTree = "<group>"; };
		1F466B111C83D99E0045A073 /* pthread.aliases */ = {isa = PBXFileReference; lastKnownFileType = text; path = pthread.aliases; sourceTree = "<group>"; };
		1F466B251C83D9E50045A073 /* pthread.kext */ = {isa = PBXFileReference; explicitFileType = wrapper.cfbundle; includeInIndex = 0; path = pthread.kext; sourceTree = BUILT_PRODUCTS_DIR; };
/* End PBXFileReference section */

/* Begin PBXFrameworksBuildPhase section */
		1F466B211C83D9E50045A073 /* Frameworks */ = {
			isa = PBXFrameworksBuildPhase;
			buildActionMask = 2147483647;
			files = (
				1F466B321C83DA380045A073 /* libkmod.a in Frameworks */,
			);
			runOnlyForDeploymentPostprocessing = 0;
		};
/* End PBXFrameworksBuildPhase section */

/* Begin PBXGroup section */
		1F466A5A1C83D8270045A073 = {
			isa = PBXGroup;
			children = (
				1F466A891C83D99E0045A073 /* APPLE_LICENSE */,
				1F466A8A1C83D99E0045A073 /* kern */,
				1F466A941C83D99E0045A073 /* lldbmacros */,
				1F466A961C83D99E0045A073 /* man */,
				1F466ACB1C83D99E0045A073 /* os */,
				1F466ACE1C83D99E0045A073 /* private */,
				1F466AD71C83D99E0045A073 /* pthread */,
				1F466ADE1C83D99E0045A073 /* src */,
				1F466AF71C83D99E0045A073 /* sys */,
				1F466B061C83D99E0045A073 /* tools */,
				1F466B081C83D99E0045A073 /* xcodescripts */,
				1F466A611C83D9180045A073 /* References */,
				1F466B261C83D9E50045A073 /* Products */,
			);
			sourceTree = "<group>";
		};
		1F466A611C83D9180045A073 /* References */ = {
			isa = PBXGroup;
			children = (
				1F466A621C83D9240045A073 /* Kernel.xcodeproj */,
				1F466A721C83D92A0045A073 /* PlatformKEXTs.xcodeproj */,
			);
			name = References;
			sourceTree = "<group>";
		};
		1F466A631C83D9240045A073 /* Products */ = {
			isa = PBXGroup;
			children = (
				1F466A6B1C83D9240045A073 /* libdwarf.a */,
				1F466A6D1C83D9240045A073 /* libelf.a */,
				1F466A6F1C83D9240045A073 /* ctfconvert */,
				1F466A711C83D9240045A073 /* ctfmerge */,
			);
			name = Products;
			sourceTree = "<group>";
		};
		1F466A731C83D92A0045A073 /* Products */ = {
			isa = PBXGroup;
			children = (
				1F466A7C1C83D92A0045A073 /* IOACPIFamily.kext */,
				1F466A7E1C83D92A0045A073 /* AppleAPIC.kext */,
				1F466A801C83D92A0045A073 /* AppleI386PlatformExpert.kext */,
				1F466A821C83D92A0045A073 /* libkmod.a */,
				1F466A841C83D92A0045A073 /* libkmodc++.a */,
			);
			name = Products;
			sourceTree = "<group>";
		};
		1F466A8A1C83D99E0045A073 /* kern */ = {
			isa = PBXGroup;
			children = (
				1F466A8B1C83D99E0045A073 /* kern_init.c */,
				1F466A8C1C83D99E0045A073 /* kern_internal.h */,
				1F466A8D1C83D99E0045A073 /* kern_policy.c */,
				1F466A8E1C83D99E0045A073 /* kern_support.c */,
				1F466A8F1C83D99E0045A073 /* kern_synch.c */,
				1F466A901C83D99E0045A073 /* kern_trace.h */,
				1F466A911C83D99E0045A073 /* pthread-Info.plist */,
				1F466A921C83D99E0045A073 /* synch_internal.h */,
				1F466A931C83D99E0045A073 /* workqueue_internal.h */,
			);
			path = kern;
			sourceTree = "<group>";
		};
		1F466A941C83D99E0045A073 /* lldbmacros */ = {
			isa = PBXGroup;
			children = (
				1F466A951C83D99E0045A073 /* pthread.py */,
			);
			path = lldbmacros;
			sourceTree = "<group>";
		};
		1F466A961C83D99E0045A073 /* man */ = {
			isa = PBXGroup;
			children = (
				1F466A971C83D99E0045A073 /* pthread.3 */,
				1F466A981C83D99E0045A073 /* pthread_atfork.3 */,
				1F466A991C83D99E0045A073 /* pthread_attr.3 */,
				1F466A9A1C83D99E0045A073 /* pthread_attr_init_destroy.3 */,
				1F466A9B1C83D99E0045A073 /* pthread_attr_set_getdetachstate.3 */,
				1F466A9C1C83D99E0045A073 /* pthread_attr_set_getinheritsched.3 */,
				1F466A9D1C83D99E0045A073 /* pthread_attr_set_getschedparam.3 */,
				1F466A9E1C83D99E0045A073 /* pthread_attr_set_getschedpolicy.3 */,
				1F466A9F1C83D99E0045A073 /* pthread_attr_set_getscope.3 */,
				1F466AA01C83D99E0045A073 /* pthread_attr_set_getstackaddr.3 */,
				1F466AA11C83D99E0045A073 /* pthread_attr_set_getstacksize.3 */,
				1F466AA21C83D99E0045A073 /* pthread_cancel.3 */,
				1F466AA31C83D99E0045A073 /* pthread_cleanup_pop.3 */,
				1F466AA41C83D99E0045A073 /* pthread_cleanup_push.3 */,
				1F466AA51C83D99E0045A073 /* pthread_cond_broadcast.3 */,
				1F466AA61C83D99E0045A073 /* pthread_cond_destroy.3 */,
				1F466AA71C83D99E0045A073 /* pthread_cond_init.3 */,
				1F466AA81C83D99E0045A073 /* pthread_cond_signal.3 */,
				1F466AA91C83D99E0045A073 /* pthread_cond_timedwait.3 */,
				1F466AAA1C83D99E0045A073 /* pthread_cond_wait.3 */,
				1F466AAB1C83D99E0045A073 /* pthread_condattr.3 */,
				1F466AAC1C83D99E0045A073 /* pthread_create.3 */,
				1F466AAD1C83D99E0045A073 /* pthread_detach.3 */,
				1F466AAE1C83D99E0045A073 /* pthread_equal.3 */,
				1F466AAF1C83D99E0045A073 /* pthread_exit.3 */,
				1F466AB01C83D99E0045A073 /* pthread_getschedparam.3 */,
				1F466AB11C83D99E0045A073 /* pthread_getspecific.3 */,
				1F466AB21C83D99E0045A073 /* pthread_join.3 */,
				1F466AB31C83D99E0045A073 /* pthread_key_create.3 */,
				1F466AB41C83D99E0045A073 /* pthread_key_delete.3 */,
				1F466AB51C83D99E0045A073 /* pthread_kill.2 */,
				1F466AB61C83D99E0045A073 /* pthread_main_np.3 */,
				1F466AB71C83D99E0045A073 /* pthread_mutex_destroy.3 */,
				1F466AB81C83D99E0045A073 /* pthread_mutex_init.3 */,
				1F466AB91C83D99E0045A073 /* pthread_mutex_lock.3 */,
				1F466ABA1C83D99E0045A073 /* pthread_mutex_trylock.3 */,
				1F466ABB1C83D99E0045A073 /* pthread_mutex_unlock.3 */,
				1F466ABC1C83D99E0045A073 /* pthread_mutexattr.3 */,
				1F466ABD1C83D99E0045A073 /* pthread_once.3 */,
				1F466ABE1C83D99E0045A073 /* pthread_rwlock_destroy.3 */,
				1F466ABF1C83D99E0045A073 /* pthread_rwlock_init.3 */,
				1F466AC01C83D99E0045A073 /* pthread_rwlock_rdlock.3 */,
				1F466AC11C83D99E0045A073 /* pthread_rwlock_unlock.3 */,
				1F466AC21C83D99E0045A073 /* pthread_rwlock_wrlock.3 */,
				1F466AC31C83D99E0045A073 /* pthread_rwlockattr_destroy.3 */,
				1F466AC41C83D99E0045A073 /* pthread_rwlockattr_getpshared.3 */,
				1F466AC51C83D99E0045A073 /* pthread_rwlockattr_init.3 */,
				1F466AC61C83D99E0045A073 /* pthread_rwlockattr_setpshared.3 */,
				1F466AC71C83D99E0045A073 /* pthread_self.3 */,
				1F466AC81C83D99E0045A073 /* pthread_setcancelstate.3 */,
				1F466AC91C83D99E0045A073 /* pthread_setspecific.3 */,
				1F466ACA1C83D99E0045A073 /* pthread_sigmask.2 */,
			);
			path = man;
			sourceTree = "<group>";
		};
		1F466ACB1C83D99E0045A073 /* os */ = {
			isa = PBXGroup;
			children = (
				1F466ACC1C83D99E0045A073 /* atomic.h */,
				1F466ACD1C83D99E0045A073 /* atomic_llsc.h */,
			);
			path = os;
			sourceTree = "<group>";
		};
		1F466ACE1C83D99E0045A073 /* private */ = {
			isa = PBXGroup;
			children = (
				1F466ACF1C83D99E0045A073 /* introspection_private.h */,
				1F466AD01C83D99E0045A073 /* posix_sched.h */,
				1F466AD11C83D99E0045A073 /* private.h */,
				1F466AD21C83D99E0045A073 /* qos.h */,
				1F466AD31C83D99E0045A073 /* qos_private.h */,
				1F466AD41C83D99E0045A073 /* spinlock_private.h */,
				1F466AD51C83D99E0045A073 /* tsd_private.h */,
				1F466AD61C83D99E0045A073 /* workqueue_private.h */,
			);
			path = private;
			sourceTree = "<group>";
		};
		1F466AD71C83D99E0045A073 /* pthread */ = {
			isa = PBXGroup;
			children = (
				1F466AD81C83D99E0045A073 /* pthread.h */,
				1F466AD91C83D99E0045A073 /* pthread_impl.h */,
				1F466ADA1C83D99E0045A073 /* pthread_spis.h */,
				1F466ADB1C83D99E0045A073 /* qos.h */,
				1F466ADC1C83D99E0045A073 /* sched.h */,
				1F466ADD1C83D99E0045A073 /* spawn.h */,
			);
			path = pthread;
			sourceTree = "<group>";
		};
		1F466ADE1C83D99E0045A073 /* src */ = {
			isa = PBXGroup;
			children = (
				1F466ADF1C83D99E0045A073 /* internal.h */,
				1F466AE01C83D99E0045A073 /* mk_pthread_impl.c */,
				1F466AE11C83D99E0045A073 /* plockstat.d */,
				1F466AE21C83D99E0045A073 /* pthread.c */,
				1F466AE31C83D99E0045A073 /* pthread_asm.s */,
				1F466AE41C83D99E0045A073 /* pthread_atfork.c */,
				1F466AE51C83D99E0045A073 /* pthread_cancelable.c */,
				1F466AE61C83D99E0045A073 /* pthread_cond.c */,
				1F466AE71C83D99E0045A073 /* pthread_mutex.c */,
				1F466AE81C83D99E0045A073 /* pthread_mutex_up.c */,
				1F466AE91C83D99E0045A073 /* pthread_rwlock.c */,
				1F466AEA1C83D99E0045A073 /* pthread_support.c */,
				1F466AEB1C83D99E0045A073 /* pthread_tsd.c */,
				1F466AEC1C83D99E0045A073 /* qos.c */,
				1F466AED1C83D99E0045A073 /* resolver.c */,
				1F466AEE1C83D99E0045A073 /* resolver.h */,
				1F466AEF1C83D99E0045A073 /* resolver_internal.h */,
				1F466AF01C83D99E0045A073 /* thread_setup.c */,
				1F466AF11C83D99E0045A073 /* variants */,
			);
			path = src;
			sourceTree = "<group>";
		};
		1F466AF11C83D99E0045A073 /* variants */ = {
			isa = PBXGroup;
			children = (
				1F466AF21C83D99E0045A073 /* pthread_cancelable_cancel.c */,
				1F466AF31C83D99E0045A073 /* pthread_cancelable_legacy.c */,
				1F466AF41C83D99E0045A073 /* pthread_cond_legacy.c */,
				1F466AF51C83D99E0045A073 /* pthread_mutex_legacy.c */,
				1F466AF61C83D99E0045A073 /* pthread_rwlock_legacy.c */,
			);
			path = variants;
			sourceTree = "<group>";
		};
		1F466AF71C83D99E0045A073 /* sys */ = {
			isa = PBXGroup;
			children = (
				1F466AF81C83D99E0045A073 /* _pthread */,
				1F466B041C83D99E0045A073 /* qos.h */,
				1F466B051C83D99E0045A073 /* qos_private.h */,
			);
			path = sys;
			sourceTree = "<group>";
		};
		1F466AF81C83D99E0045A073 /* _pthread */ = {
			isa = PBXGroup;
			children = (
				1F466AF91C83D99E0045A073 /* _pthread_attr_t.h */,
				1F466AFA1C83D99E0045A073 /* _pthread_cond_t.h */,
				1F466AFB1C83D99E0045A073 /* _pthread_condattr_t.h */,
				1F466AFC1C83D99E0045A073 /* _pthread_key_t.h */,
				1F466AFD1C83D99E0045A073 /* _pthread_mutex_t.h */,
				1F466AFE1C83D99E0045A073 /* _pthread_mutexattr_t.h */,
				1F466AFF1C83D99E0045A073 /* _pthread_once_t.h */,
				1F466B001C83D99E0045A073 /* _pthread_rwlock_t.h */,
				1F466B011C83D99E0045A073 /* _pthread_rwlockattr_t.h */,
				1F466B021C83D99E0045A073 /* _pthread_t.h */,
				1F466B031C83D99E0045A073 /* _pthread_types.h */,
			);
			path = _pthread;
			sourceTree = "<group>";
		};
		1F466B061C83D99E0045A073 /* tools */ = {
			isa = PBXGroup;
			children = (
				1F466B071C83D99E0045A073 /* wqtrace.lua */,
			);
			path = tools;
			sourceTree = "<group>";
		};
		1F466B081C83D99E0045A073 /* xcodescripts */ = {
			isa = PBXGroup;
			children = (
				1F466B0A1C83D99E0045A073 /* install-codes.sh */,
				1F466B0B1C83D99E0045A073 /* install-lldbmacros.sh */,
				1F466B0C1C83D99E0045A073 /* install-manpages.sh */,
				1F466B0D1C83D99E0045A073 /* install-symlinks.sh */,
				1F466B0E1C83D99E0045A073 /* install-sys-headers.sh */,
				1F466B111C83D99E0045A073 /* pthread.aliases */,
			);
			path = xcodescripts;
			sourceTree = "<group>";
		};
		1F466B261C83D9E50045A073 /* Products */ = {
			isa = PBXGroup;
			children = (
				1F466B251C83D9E50045A073 /* pthread.kext */,
			);
			name = Products;
			sourceTree = "<group>";
		};
/* End PBXGroup section */

/* Begin PBXHeadersBuildPhase section */
		1F466B221C83D9E50045A073 /* Headers */ = {
			isa = PBXHeadersBuildPhase;
			buildActionMask = 2147483647;
			files = (
			);
			runOnlyForDeploymentPostprocessing = 0;
		};
/* End PBXHeadersBuildPhase section */

/* Begin PBXNativeTarget section */
		1F466B241C83D9E50045A073 /* pthread */ = {
			isa = PBXNativeTarget;
			buildConfigurationList = 1F466B2B1C83D9E50045A073 /* Build configuration list for PBXNativeTarget "pthread" */;
			buildPhases = (
				1F466B201C83D9E50045A073 /* Sources */,
				1F466B211C83D9E50045A073 /* Frameworks */,
				1F466B221C83D9E50045A073 /* Headers */,
				1F466B231C83D9E50045A073 /* Resources */,
				1F466B371C83DE990045A073 /* Symlink Old Header Location */,
				1F466B381C83DEB10045A073 /* Install Manpages */,
				1F466B391C83DEC40045A073 /* Install /usr/include/sys headers */,
				1F466B3A1C83DEE70045A073 /* Install Trace Codes File */,
			);
			buildRules = (
			);
			dependencies = (
				1F466B401C83E0660045A073 /* PBXTargetDependency */,
				1F466B311C83DA320045A073 /* PBXTargetDependency */,
			);
			name = pthread;
			productName = pthread;
			productReference = 1F466B251C83D9E50045A073 /* pthread.kext */;
			productType = "com.apple.product-type.kernel-extension";
		};
/* End PBXNativeTarget section */

/* Begin PBXProject section */
		1F466A5B1C83D8270045A073 /* Project object */ = {
			isa = PBXProject;
			attributes = {
				LastUpgradeCheck = 0730;
				ORGANIZATIONNAME = "William Kent";
				TargetAttributes = {
					1F466B241C83D9E50045A073 = {
						CreatedOnToolsVersion = 7.3;
					};
					1F466B3B1C83E0600045A073 = {
						CreatedOnToolsVersion = 7.3;
					};
				};
			};
			buildConfigurationList = 1F466A5E1C83D8270045A073 /* Build configuration list for PBXProject "libpthread" */;
			compatibilityVersion = "Xcode 3.2";
			developmentRegion = English;
			hasScannedForEncodings = 0;
			knownRegions = (
				en,
			);
			mainGroup = 1F466A5A1C83D8270045A073;
			productRefGroup = 1F466B261C83D9E50045A073 /* Products */;
			projectDirPath = "";
			projectReferences = (
				{
					ProductGroup = 1F466A631C83D9240045A073 /* Products */;
					ProjectRef = 1F466A621C83D9240045A073 /* Kernel.xcodeproj */;
				},
				{
					ProductGroup = 1F466A731C83D92A0045A073 /* Products */;
					ProjectRef = 1F466A721C83D92A0045A073 /* PlatformKEXTs.xcodeproj */;
				},
			);
			projectRoot = "";
			targets = (
				1F466B241C83D9E50045A073 /* pthread */,
				1F466B3B1C83E0600045A073 /* Headers */,
			);
		};
/* End PBXProject section */

/* Begin PBXReferenceProxy section */
		1F466A6B1C83D9240045A073 /* libdwarf.a */ = {
			isa = PBXReferenceProxy;
			fileType = archive.ar;
			path = libdwarf.a;
			remoteRef = 1F466A6A1C83D9240045A073 /* PBXContainerItemProxy */;
			sourceTree = BUILT_PRODUCTS_DIR;
		};
		1F466A6D1C83D9240045A073 /* libelf.a */ = {
			isa = PBXReferenceProxy;
			fileType = archive.ar;
			path = libelf.a;
			remoteRef = 1F466A6C1C83D9240045A073 /* PBXContainerItemProxy */;
			sourceTree = BUILT_PRODUCTS_DIR;
		};
		1F466A6F1C83D9240045A073 /* ctfconvert */ = {
			isa = PBXReferenceProxy;
			fileType = "compiled.mach-o.executable";
			path = ctfconvert;
			remoteRef = 1F466A6E1C83D9240045A073 /* PBXContainerItemProxy */;
			sourceTree = BUILT_PRODUCTS_DIR;
		};
		1F466A711C83D9240045A073 /* ctfmerge */ = {
			isa = PBXReferenceProxy;
			fileType = "compiled.mach-o.executable";
			path = ctfmerge;
			remoteRef = 1F466A701C83D9240045A073 /* PBXContainerItemProxy */;
			sourceTree = BUILT_PRODUCTS_DIR;
		};
		1F466A7C1C83D92A0045A073 /* IOACPIFamily.kext */ = {
			isa = PBXReferenceProxy;
			fileType = wrapper.cfbundle;
			path = IOACPIFamily.kext;
			remoteRef = 1F466A7B1C83D92A0045A073 /* PBXContainerItemProxy */;
			sourceTree = BUILT_PRODUCTS_DIR;
		};
		1F466A7E1C83D92A0045A073 /* AppleAPIC.kext */ = {
			isa = PBXReferenceProxy;
			fileType = wrapper.cfbundle;
			path = AppleAPIC.kext;
			remoteRef = 1F466A7D1C83D92A0045A073 /* PBXContainerItemProxy */;
			sourceTree = BUILT_PRODUCTS_DIR;
		};
		1F466A801C83D92A0045A073 /* AppleI386PlatformExpert.kext */ = {
			isa = PBXReferenceProxy;
			fileType = wrapper.cfbundle;
			path = AppleI386PlatformExpert.kext;
			remoteRef = 1F466A7F1C83D92A0045A073 /* PBXContainerItemProxy */;
			sourceTree = BUILT_PRODUCTS_DIR;
		};
		1F466A821C83D92A0045A073 /* libkmod.a */ = {
			isa = PBXReferenceProxy;
			fileType = archive.ar;
			path = libkmod.a;
			remoteRef = 1F466A811C83D92A0045A073 /* PBXContainerItemProxy */;
			sourceTree = BUILT_PRODUCTS_DIR;
		};
		1F466A841C83D92A0045A073 /* libkmodc++.a */ = {
			isa = PBXReferenceProxy;
			fileType = archive.ar;
			path = "libkmodc++.a";
			remoteRef = 1F466A831C83D92A0045A073 /* PBXContainerItemProxy */;
			sourceTree = BUILT_PRODUCTS_DIR;
		};
/* End PBXReferenceProxy section */

/* Begin PBXResourcesBuildPhase section */
		1F466B231C83D9E50045A073 /* Resources */ = {
			isa = PBXResourcesBuildPhase;
			buildActionMask = 2147483647;
			files = (
			);
			runOnlyForDeploymentPostprocessing = 0;
		};
/* End PBXResourcesBuildPhase section */

/* Begin PBXShellScriptBuildPhase section */
		1F466B371C83DE990045A073 /* Symlink Old Header Location */ = {
			isa = PBXShellScriptBuildPhase;
			buildActionMask = 12;
			files = (
			);
			inputPaths = (
			);
			name = "Symlink Old Header Location";
			outputPaths = (
			);
			runOnlyForDeploymentPostprocessing = 0;
			shellPath = /bin/sh;
			shellScript = ". \"${SRCROOT}/xcodescripts/install-symlinks.sh\"";
			showEnvVarsInLog = 0;
		};
		1F466B381C83DEB10045A073 /* Install Manpages */ = {
			isa = PBXShellScriptBuildPhase;
			buildActionMask = 8;
			files = (
			);
			inputPaths = (
			);
			name = "Install Manpages";
			outputPaths = (
			);
			runOnlyForDeploymentPostprocessing = 1;
			shellPath = /bin/sh;
			shellScript = ". \"${SRCROOT}/xcodescripts/install-manpages.sh\"";
			showEnvVarsInLog = 0;
		};
		1F466B391C83DEC40045A073 /* Install /usr/include/sys headers */ = {
			isa = PBXShellScriptBuildPhase;
			buildActionMask = 12;
			files = (
			);
			inputPaths = (
			);
			name = "Install /usr/include/sys headers";
			outputPaths = (
			);
			runOnlyForDeploymentPostprocessing = 0;
			shellPath = /bin/sh;
			shellScript = ". \"${SRCROOT}/xcodescripts/install-sys-headers.sh\"";
			showEnvVarsInLog = 0;
		};
		1F466B3A1C83DEE70045A073 /* Install Trace Codes File */ = {
			isa = PBXShellScriptBuildPhase;
			buildActionMask = 8;
			files = (
			);
			inputPaths = (
				"$(SRCROOT)/kern/kern_trace.h",
			);
			name = "Install Trace Codes File";
			outputPaths = (
				"$(DERIVED_FILE_DIR)/usr/share/misc/pthread.codes",
			);
			runOnlyForDeploymentPostprocessing = 1;
			shellPath = /bin/sh;
			shellScript = ". \"${SRCROOT}/xcodescripts/install-codes.sh\"";
			showEnvVarsInLog = 0;
		};
		1F466B411C83E06F0045A073 /* Install Headers in /usr/include/sys */ = {
			isa = PBXShellScriptBuildPhase;
			buildActionMask = 2147483647;
			files = (
			);
			inputPaths = (
			);
			name = "Install Headers in /usr/include/sys";
			outputPaths = (
			);
			runOnlyForDeploymentPostprocessing = 0;
			shellPath = /bin/sh;
			shellScript = ". \"${SRCROOT}/xcodescripts/install-sys-headers.sh\"";
			showEnvVarsInLog = 0;
		};
/* End PBXShellScriptBuildPhase section */

/* Begin PBXSourcesBuildPhase section */
		1F466B201C83D9E50045A073 /* Sources */ = {
			isa = PBXSourcesBuildPhase;
			buildActionMask = 2147483647;
			files = (
				1F466B331C83DAEC0045A073 /* kern_init.c in Sources */,
				1F466B341C83DAEC0045A073 /* kern_policy.c in Sources */,
				1F466B351C83DAEC0045A073 /* kern_support.c in Sources */,
				1F466B361C83DAEC0045A073 /* kern_synch.c in Sources */,
			);
			runOnlyForDeploymentPostprocessing = 0;
		};
/* End PBXSourcesBuildPhase section */

/* Begin PBXTargetDependency section */
		1F466B311C83DA320045A073 /* PBXTargetDependency */ = {
			isa = PBXTargetDependency;
			name = mach_kernel;
			targetProxy = 1F466B301C83DA320045A073 /* PBXContainerItemProxy */;
		};
		1F466B401C83E0660045A073 /* PBXTargetDependency */ = {
			isa = PBXTargetDependency;
			target = 1F466B3B1C83E0600045A073 /* Headers */;
			targetProxy = 1F466B3F1C83E0660045A073 /* PBXContainerItemProxy */;
		};
/* End PBXTargetDependency section */

/* Begin XCBuildConfiguration section */
		1F466A5F1C83D8270045A073 /* Debug */ = {
			isa = XCBuildConfiguration;
			buildSettings = {
				ADDITIONAL_SDKS = "$(ANDROMEDA_SDK_ROOT)";
				ANDROMEDA_SDK_ROOT = "$(PROJECT_TEMP_ROOT)/xnu";
				GCC_USE_STANDARD_INCLUDE_SEARCHING = NO;
				GUEST_DYLIB_SUFFIX = .guest;
				HEADER_SEARCH_PATHS = (
					"$(SRCROOT)",
					"$(SRCROOT)/pthread",
					"$(SRCROOT)/private",
				);
				LINK_WITH_STANDARD_LIBRARIES = NO;
			};
			name = Debug;
		};
		1F466A601C83D8270045A073 /* Release */ = {
			isa = XCBuildConfiguration;
			buildSettings = {
				ADDITIONAL_SDKS = "$(ANDROMEDA_SDK_ROOT)";
				ANDROMEDA_SDK_ROOT = "$(DSTROOT)";
				GCC_USE_STANDARD_INCLUDE_SEARCHING = NO;
				GUEST_DYLIB_SUFFIX = "";
				HEADER_SEARCH_PATHS = (
					"$(SRCROOT)",
					"$(SRCROOT)/pthread",
					"$(SRCROOT)/private",
				);
				LINK_WITH_STANDARD_LIBRARIES = NO;
			};
			name = Release;
		};
		1F466B2C1C83D9E50045A073 /* Debug */ = {
			isa = XCBuildConfiguration;
			buildSettings = {
				ALWAYS_SEARCH_USER_PATHS = NO;
				CLANG_ANALYZER_NONNULL = YES;
				CLANG_CXX_LANGUAGE_STANDARD = "gnu++0x";
				CLANG_CXX_LIBRARY = "libc++";
				CLANG_ENABLE_MODULES = YES;
				CLANG_ENABLE_OBJC_ARC = YES;
				CLANG_WARN_BOOL_CONVERSION = YES;
				CLANG_WARN_CONSTANT_CONVERSION = YES;
				CLANG_WARN_DIRECT_OBJC_ISA_USAGE = YES_ERROR;
				CLANG_WARN_EMPTY_BODY = YES;
				CLANG_WARN_ENUM_CONVERSION = YES;
				CLANG_WARN_INT_CONVERSION = YES;
				CLANG_WARN_OBJC_ROOT_CLASS = YES_ERROR;
				CLANG_WARN_UNREACHABLE_CODE = YES;
				CLANG_WARN__DUPLICATE_METHOD_MATCH = YES;
				CODE_SIGN_IDENTITY = "-";
				COPY_PHASE_STRIP = NO;
				DEBUG_INFORMATION_FORMAT = dwarf;
				ENABLE_STRICT_OBJC_MSGSEND = YES;
				ENABLE_TESTABILITY = YES;
				GCC_C_LANGUAGE_STANDARD = gnu99;
				GCC_DYNAMIC_NO_PIC = NO;
				GCC_NO_COMMON_BLOCKS = YES;
				GCC_OPTIMIZATION_LEVEL = 0;
				GCC_PREPROCESSOR_DEFINITIONS = (
					KERNEL,
					PRIVATE,
					XNU_KERNEL_PRIVATE,
					__LIBC__,
					"__DARWIN_UNIX03=1",
					"__DARWIN_64_BIT_INO_T=1",
					"__DARWIN_NON_CANCELABLE=1",
					"__DARWIN_VERS_1050=1",
					"_FORTIFY_SOURCE=0",
					"__PTHREAD_BUILDING_PTHREAD__=1",
					"DEBUG=1",
				);
				GCC_WARN_64_TO_32_BIT_CONVERSION = YES;
				GCC_WARN_ABOUT_RETURN_TYPE = YES_ERROR;
				GCC_WARN_UNDECLARED_SELECTOR = YES;
				GCC_WARN_UNINITIALIZED_AUTOS = YES_AGGRESSIVE;
				GCC_WARN_UNUSED_FUNCTION = YES;
				GCC_WARN_UNUSED_VARIABLE = YES;
				HEADER_SEARCH_PATHS = (
					"$(inherited)",
					"$(ANDROMEDA_SDK_ROOT)/System/Library/Frameworks/Kernel.framework/PrivateHeaders",
					"$(ANDROMEDA_SDK_ROOT)/System/Library/Frameworks/Kernel.framework/Headers",
				);
				INFOPLIST_FILE = "kern/pthread-Info.plist";
				INSTALL_PATH = /System/Library/Extensions;
				MACOSX_DEPLOYMENT_TARGET = 10.11;
				MODULE_NAME = me.sunsol.pthread;
				MODULE_START = pthread_start;
				MODULE_STOP = pthread_stop;
				MODULE_VERSION = 1.0.0d1;
				MTL_ENABLE_DEBUG_INFO = YES;
				ONLY_ACTIVE_ARCH = YES;
				PRODUCT_BUNDLE_IDENTIFIER = com.apple.kec.pthread;
				PRODUCT_NAME = "$(TARGET_NAME)";
				SDKROOT = macosx;
				WRAPPER_EXTENSION = kext;
			};
			name = Debug;
		};
		1F466B2D1C83D9E50045A073 /* Release */ = {
			isa = XCBuildConfiguration;
			buildSettings = {
				ALWAYS_SEARCH_USER_PATHS = NO;
				CLANG_ANALYZER_NONNULL = YES;
				CLANG_CXX_LANGUAGE_STANDARD = "gnu++0x";
				CLANG_CXX_LIBRARY = "libc++";
				CLANG_ENABLE_MODULES = YES;
				CLANG_ENABLE_OBJC_ARC = YES;
				CLANG_WARN_BOOL_CONVERSION = YES;
				CLANG_WARN_CONSTANT_CONVERSION = YES;
				CLANG_WARN_DIRECT_OBJC_ISA_USAGE = YES_ERROR;
				CLANG_WARN_EMPTY_BODY = YES;
				CLANG_WARN_ENUM_CONVERSION = YES;
				CLANG_WARN_INT_CONVERSION = YES;
				CLANG_WARN_OBJC_ROOT_CLASS = YES_ERROR;
				CLANG_WARN_UNREACHABLE_CODE = YES;
				CLANG_WARN__DUPLICATE_METHOD_MATCH = YES;
				CODE_SIGN_IDENTITY = "-";
				COPY_PHASE_STRIP = NO;
				DEBUG_INFORMATION_FORMAT = "dwarf-with-dsym";
				ENABLE_NS_ASSERTIONS = NO;
				ENABLE_STRICT_OBJC_MSGSEND = YES;
				GCC_C_LANGUAGE_STANDARD = gnu99;
				GCC_NO_COMMON_BLOCKS = YES;
				GCC_PREPROCESSOR_DEFINITIONS = (
					KERNEL,
					PRIVATE,
					XNU_KERNEL_PRIVATE,
					__LIBC__,
					"__DARWIN_UNIX03=1",
					"__DARWIN_64_BIT_INO_T=1",
					"__DARWIN_NON_CANCELABLE=1",
					"__DARWIN_VERS_1050=1",
					"_FORTIFY_SOURCE=0",
					"__PTHREAD_BUILDING_PTHREAD__=1",
				);
				GCC_WARN_64_TO_32_BIT_CONVERSION = YES;
				GCC_WARN_ABOUT_RETURN_TYPE = YES_ERROR;
				GCC_WARN_UNDECLARED_SELECTOR = YES;
				GCC_WARN_UNINITIALIZED_AUTOS = YES_AGGRESSIVE;
				GCC_WARN_UNUSED_FUNCTION = YES;
				GCC_WARN_UNUSED_VARIABLE = YES;
				HEADER_SEARCH_PATHS = (
					"$(inherited)",
					"$(ANDROMEDA_SDK_ROOT)/System/Library/Frameworks/Kernel.framework/PrivateHeaders",
					"$(ANDROMEDA_SDK_ROOT)/System/Library/Frameworks/Kernel.framework/Headers",
				);
				INFOPLIST_FILE = "kern/pthread-Info.plist";
				INSTALL_PATH = /System/Library/Extensions;
				MACOSX_DEPLOYMENT_TARGET = 10.11;
				MODULE_NAME = me.sunsol.pthread;
				MODULE_START = pthread_start;
				MODULE_STOP = pthread_stop;
				MODULE_VERSION = 1.0.0d1;
				MTL_ENABLE_DEBUG_INFO = NO;
				PRODUCT_BUNDLE_IDENTIFIER = com.apple.kec.pthread;
				PRODUCT_NAME = "$(TARGET_NAME)";
				SDKROOT = macosx;
				WRAPPER_EXTENSION = kext;
			};
			name = Release;
		};
		1F466B3D1C83E0600045A073 /* Debug */ = {
			isa = XCBuildConfiguration;
			buildSettings = {
				PRODUCT_NAME = "$(TARGET_NAME)";
			};
			name = Debug;
		};
		1F466B3E1C83E0600045A073 /* Release */ = {
			isa = XCBuildConfiguration;
			buildSettings = {
				PRODUCT_NAME = "$(TARGET_NAME)";
			};
			name = Release;
		};
/* End XCBuildConfiguration section */

/* Begin XCConfigurationList section */
		1F466A5E1C83D8270045A073 /* Build configuration list for PBXProject "libpthread" */ = {
			isa = XCConfigurationList;
			buildConfigurations = (
				1F466A5F1C83D8270045A073 /* Debug */,
				1F466A601C83D8270045A073 /* Release */,
			);
			defaultConfigurationIsVisible = 0;
			defaultConfigurationName = Release;
		};
		1F466B2B1C83D9E50045A073 /* Build configuration list for PBXNativeTarget "pthread" */ = {
			isa = XCConfigurationList;
			buildConfigurations = (
				1F466B2C1C83D9E50045A073 /* Debug */,
				1F466B2D1C83D9E50045A073 /* Release */,
			);
			defaultConfigurationIsVisible = 0;
		};
		1F466B3C1C83E0600045A073 /* Build configuration list for PBXAggregateTarget "Headers" */ = {
			isa = XCConfigurationList;
			buildConfigurations = (
				1F466B3D1C83E0600045A073 /* Debug */,
				1F466B3E1C83E0600045A073 /* Release */,
			);
			defaultConfigurationIsVisible = 0;
		};
/* End XCConfigurationList section */
	};
	rootObject = 1F466A5B1C83D8270045A073 /* Project object */;
}
